// !$*UTF8*$!
{
	archiveVersion = 1;
	classes = {
	};
	objectVersion = 46;
	objects = {

/* Begin PBXBuildFile section */
		2788C2A51ADD7B1A00CC2707 /* main.m in Sources */ = {isa = PBXBuildFile; fileRef = 2788C2A41ADD7B1A00CC2707 /* main.m */; };
		2788C2A81ADD7B1A00CC2707 /* AppDelegate.m in Sources */ = {isa = PBXBuildFile; fileRef = 2788C2A71ADD7B1A00CC2707 /* AppDelegate.m */; };
		2788C2AB1ADD7B1A00CC2707 /* ViewController.m in Sources */ = {isa = PBXBuildFile; fileRef = 2788C2AA1ADD7B1A00CC2707 /* ViewController.m */; };
		2788C2AE1ADD7B1A00CC2707 /* Main.storyboard in Resources */ = {isa = PBXBuildFile; fileRef = 2788C2AC1ADD7B1A00CC2707 /* Main.storyboard */; };
		2788C2B01ADD7B1A00CC2707 /* Images.xcassets in Resources */ = {isa = PBXBuildFile; fileRef = 2788C2AF1ADD7B1A00CC2707 /* Images.xcassets */; };
		2788C2B31ADD7B1A00CC2707 /* LaunchScreen.xib in Resources */ = {isa = PBXBuildFile; fileRef = 2788C2B11ADD7B1A00CC2707 /* LaunchScreen.xib */; };
		2788C2BF1ADD7B1B00CC2707 /* Stasys_MeclazckeTests.m in Sources */ = {isa = PBXBuildFile; fileRef = 2788C2BE1ADD7B1B00CC2707 /* Stasys_MeclazckeTests.m */; };
/* End PBXBuildFile section */

/* Begin PBXContainerItemProxy section */
		2788C2B91ADD7B1B00CC2707 /* PBXContainerItemProxy */ = {
			isa = PBXContainerItemProxy;
			containerPortal = 2788C2971ADD7B1A00CC2707 /* Project object */;
			proxyType = 1;
			remoteGlobalIDString = 2788C29E1ADD7B1A00CC2707;
			remoteInfo = "Stasys Meclazcke";
		};
/* End PBXContainerItemProxy section */

/* Begin PBXFileReference section */
		2788C29F1ADD7B1A00CC2707 /* Stasys Meclazcke.app */ = {isa = PBXFileReference; explicitFileType = wrapper.application; includeInIndex = 0; path = "Stasys Meclazcke.app"; sourceTree = BUILT_PRODUCTS_DIR; };
		2788C2A31ADD7B1A00CC2707 /* Info.plist */ = {isa = PBXFileReference; lastKnownFileType = text.plist.xml; path = Info.plist; sourceTree = "<group>"; };
		2788C2A41ADD7B1A00CC2707 /* main.m */ = {isa = PBXFileReference; lastKnownFileType = sourcecode.c.objc; path = main.m; sourceTree = "<group>"; };
		2788C2A61ADD7B1A00CC2707 /* AppDelegate.h */ = {isa = PBXFileReference; lastKnownFileType = sourcecode.c.h; path = AppDelegate.h; sourceTree = "<group>"; };
		2788C2A71ADD7B1A00CC2707 /* AppDelegate.m */ = {isa = PBXFileReference; lastKnownFileType = sourcecode.c.objc; path = AppDelegate.m; sourceTree = "<group>"; };
		2788C2A91ADD7B1A00CC2707 /* ViewController.h */ = {isa = PBXFileReference; lastKnownFileType = sourcecode.c.h; path = ViewController.h; sourceTree = "<group>"; };
		2788C2AA1ADD7B1A00CC2707 /* ViewController.m */ = {isa = PBXFileReference; lastKnownFileType = sourcecode.c.objc; path = ViewController.m; sourceTree = "<group>"; };
		2788C2AD1ADD7B1A00CC2707 /* Base */ = {isa = PBXFileReference; lastKnownFileType = file.storyboard; name = Base; path = Base.lproj/Main.storyboard; sourceTree = "<group>"; };
		2788C2AF1ADD7B1A00CC2707 /* Images.xcassets */ = {isa = PBXFileReference; lastKnownFileType = folder.assetcatalog; path = Images.xcassets; sourceTree = "<group>"; };
		2788C2B21ADD7B1A00CC2707 /* Base */ = {isa = PBXFileReference; lastKnownFileType = file.xib; name = Base; path = Base.lproj/LaunchScreen.xib; sourceTree = "<group>"; };
		2788C2B81ADD7B1B00CC2707 /* Stasys MeclazckeTests.xctest */ = {isa = PBXFileReference; explicitFileType = wrapper.cfbundle; includeInIndex = 0; path = "Stasys MeclazckeTests.xctest"; sourceTree = BUILT_PRODUCTS_DIR; };
		2788C2BD1ADD7B1B00CC2707 /* Info.plist */ = {isa = PBXFileReference; lastKnownFileType = text.plist.xml; path = Info.plist; sourceTree = "<group>"; };
		2788C2BE1ADD7B1B00CC2707 /* Stasys_MeclazckeTests.m */ = {isa = PBXFileReference; lastKnownFileType = sourcecode.c.objc; path = Stasys_MeclazckeTests.m; sourceTree = "<group>"; };
/* End PBXFileReference section */

/* Begin PBXFrameworksBuildPhase section */
		2788C29C1ADD7B1A00CC2707 /* Frameworks */ = {
			isa = PBXFrameworksBuildPhase;
			buildActionMask = 2147483647;
			files = (
			);
			runOnlyForDeploymentPostprocessing = 0;
		};
		2788C2B51ADD7B1B00CC2707 /* Frameworks */ = {
			isa = PBXFrameworksBuildPhase;
			buildActionMask = 2147483647;
			files = (
			);
			runOnlyForDeploymentPostprocessing = 0;
		};
/* End PBXFrameworksBuildPhase section */

/* Begin PBXGroup section */
		2788C2961ADD7B1A00CC2707 = {
			isa = PBXGroup;
			children = (
				2788C2A11ADD7B1A00CC2707 /* Stasys Meclazcke */,
				2788C2BB1ADD7B1B00CC2707 /* Stasys MeclazckeTests */,
				2788C2A01ADD7B1A00CC2707 /* Products */,
			);
			sourceTree = "<group>";
		};
		2788C2A01ADD7B1A00CC2707 /* Products */ = {
			isa = PBXGroup;
			children = (
				2788C29F1ADD7B1A00CC2707 /* Stasys Meclazcke.app */,
				2788C2B81ADD7B1B00CC2707 /* Stasys MeclazckeTests.xctest */,
			);
			name = Products;
			sourceTree = "<group>";
		};
		2788C2A11ADD7B1A00CC2707 /* Stasys Meclazcke */ = {
			isa = PBXGroup;
			children = (
				2788C2A61ADD7B1A00CC2707 /* AppDelegate.h */,
				2788C2A71ADD7B1A00CC2707 /* AppDelegate.m */,
				2788C2A91ADD7B1A00CC2707 /* ViewController.h */,
				2788C2AA1ADD7B1A00CC2707 /* ViewController.m */,
				2788C2AC1ADD7B1A00CC2707 /* Main.storyboard */,
				2788C2AF1ADD7B1A00CC2707 /* Images.xcassets */,
				2788C2B11ADD7B1A00CC2707 /* LaunchScreen.xib */,
				2788C2A21ADD7B1A00CC2707 /* Supporting Files */,
			);
			path = "Stasys Meclazcke";
			sourceTree = "<group>";
		};
		2788C2A21ADD7B1A00CC2707 /* Supporting Files */ = {
			isa = PBXGroup;
			children = (
				2788C2A31ADD7B1A00CC2707 /* Info.plist */,
				2788C2A41ADD7B1A00CC2707 /* main.m */,
			);
			name = "Supporting Files";
			sourceTree = "<group>";
		};
		2788C2BB1ADD7B1B00CC2707 /* Stasys MeclazckeTests */ = {
			isa = PBXGroup;
			children = (
				2788C2BE1ADD7B1B00CC2707 /* Stasys_MeclazckeTests.m */,
				2788C2BC1ADD7B1B00CC2707 /* Supporting Files */,
			);
			path = "Stasys MeclazckeTests";
			sourceTree = "<group>";
		};
		2788C2BC1ADD7B1B00CC2707 /* Supporting Files */ = {
			isa = PBXGroup;
			children = (
				2788C2BD1ADD7B1B00CC2707 /* Info.plist */,
			);
			name = "Supporting Files";
			sourceTree = "<group>";
		};
/* End PBXGroup section */

/* Begin PBXNativeTarget section */
		2788C29E1ADD7B1A00CC2707 /* Stasys Meclazcke */ = {
			isa = PBXNativeTarget;
			buildConfigurationList = 2788C2C21ADD7B1B00CC2707 /* Build configuration list for PBXNativeTarget "Stasys Meclazcke" */;
			buildPhases = (
				2788C29B1ADD7B1A00CC2707 /* Sources */,
				2788C29C1ADD7B1A00CC2707 /* Frameworks */,
				2788C29D1ADD7B1A00CC2707 /* Resources */,
			);
			buildRules = (
			);
			dependencies = (
			);
			name = "Stasys Meclazcke";
			productName = "Stasys Meclazcke";
			productReference = 2788C29F1ADD7B1A00CC2707 /* Stasys Meclazcke.app */;
			productType = "com.apple.product-type.application";
		};
		2788C2B71ADD7B1B00CC2707 /* Stasys MeclazckeTests */ = {
			isa = PBXNativeTarget;
			buildConfigurationList = 2788C2C51ADD7B1B00CC2707 /* Build configuration list for PBXNativeTarget "Stasys MeclazckeTests" */;
			buildPhases = (
				2788C2B41ADD7B1B00CC2707 /* Sources */,
				2788C2B51ADD7B1B00CC2707 /* Frameworks */,
				2788C2B61ADD7B1B00CC2707 /* Resources */,
			);
			buildRules = (
			);
			dependencies = (
				2788C2BA1ADD7B1B00CC2707 /* PBXTargetDependency */,
			);
			name = "Stasys MeclazckeTests";
			productName = "Stasys MeclazckeTests";
			productReference = 2788C2B81ADD7B1B00CC2707 /* Stasys MeclazckeTests.xctest */;
			productType = "com.apple.product-type.bundle.unit-test";
		};
/* End PBXNativeTarget section */

/* Begin PBXProject section */
		2788C2971ADD7B1A00CC2707 /* Project object */ = {
			isa = PBXProject;
			attributes = {
				LastUpgradeCheck = 0630;
				ORGANIZATIONNAME = "Briskley, LLC";
				TargetAttributes = {
					2788C29E1ADD7B1A00CC2707 = {
						CreatedOnToolsVersion = 6.3;
					};
					2788C2B71ADD7B1B00CC2707 = {
						CreatedOnToolsVersion = 6.3;
						TestTargetID = 2788C29E1ADD7B1A00CC2707;
					};
				};
			};
			buildConfigurationList = 2788C29A1ADD7B1A00CC2707 /* Build configuration list for PBXProject "Stasys Meclazcke" */;
			compatibilityVersion = "Xcode 3.2";
			developmentRegion = English;
			hasScannedForEncodings = 0;
			knownRegions = (
				en,
				Base,
			);
			mainGroup = 2788C2961ADD7B1A00CC2707;
			productRefGroup = 2788C2A01ADD7B1A00CC2707 /* Products */;
			projectDirPath = "";
			projectRoot = "";
			targets = (
				2788C29E1ADD7B1A00CC2707 /* Stasys Meclazcke */,
				2788C2B71ADD7B1B00CC2707 /* Stasys MeclazckeTests */,
			);
		};
/* End PBXProject section */

/* Begin PBXResourcesBuildPhase section */
		2788C29D1ADD7B1A00CC2707 /* Resources */ = {
			isa = PBXResourcesBuildPhase;
			buildActionMask = 2147483647;
			files = (
				2788C2AE1ADD7B1A00CC2707 /* Main.storyboard in Resources */,
				2788C2B31ADD7B1A00CC2707 /* LaunchScreen.xib in Resources */,
				2788C2B01ADD7B1A00CC2707 /* Images.xcassets in Resources */,
			);
			runOnlyForDeploymentPostprocessing = 0;
		};
		2788C2B61ADD7B1B00CC2707 /* Resources */ = {
			isa = PBXResourcesBuildPhase;
			buildActionMask = 2147483647;
			files = (
			);
			runOnlyForDeploymentPostprocessing = 0;
		};
/* End PBXResourcesBuildPhase section */

/* Begin PBXSourcesBuildPhase section */
		2788C29B1ADD7B1A00CC2707 /* Sources */ = {
			isa = PBXSourcesBuildPhase;
			buildActionMask = 2147483647;
			files = (
				2788C2AB1ADD7B1A00CC2707 /* ViewController.m in Sources */,
				2788C2A81ADD7B1A00CC2707 /* AppDelegate.m in Sources */,
				2788C2A51ADD7B1A00CC2707 /* main.m in Sources */,
			);
			runOnlyForDeploymentPostprocessing = 0;
		};
		2788C2B41ADD7B1B00CC2707 /* Sources */ = {
			isa = PBXSourcesBuildPhase;
			buildActionMask = 2147483647;
			files = (
				2788C2BF1ADD7B1B00CC2707 /* Stasys_MeclazckeTests.m in Sources */,
			);
			runOnlyForDeploymentPostprocessing = 0;
		};
/* End PBXSourcesBuildPhase section */

/* Begin PBXTargetDependency section */
		2788C2BA1ADD7B1B00CC2707 /* PBXTargetDependency */ = {
			isa = PBXTargetDependency;
			target = 2788C29E1ADD7B1A00CC2707 /* Stasys Meclazcke */;
			targetProxy = 2788C2B91ADD7B1B00CC2707 /* PBXContainerItemProxy */;
		};
/* End PBXTargetDependency section */

/* Begin PBXVariantGroup section */
		2788C2AC1ADD7B1A00CC2707 /* Main.storyboard */ = {
			isa = PBXVariantGroup;
			children = (
				2788C2AD1ADD7B1A00CC2707 /* Base */,
			);
			name = Main.storyboard;
			sourceTree = "<group>";
		};
		2788C2B11ADD7B1A00CC2707 /* LaunchScreen.xib */ = {
			isa = PBXVariantGroup;
			children = (
				2788C2B21ADD7B1A00CC2707 /* Base */,
			);
			name = LaunchScreen.xib;
			sourceTree = "<group>";
		};
/* End PBXVariantGroup section */

/* Begin XCBuildConfiguration section */
		2788C2C01ADD7B1B00CC2707 /* Debug */ = {
			isa = XCBuildConfiguration;
			buildSettings = {
				ALWAYS_SEARCH_USER_PATHS = NO;
				CLANG_CXX_LANGUAGE_STANDARD = "gnu++0x";
				CLANG_CXX_LIBRARY = "libc++";
				CLANG_ENABLE_MODULES = YES;
				CLANG_ENABLE_OBJC_ARC = YES;
				CLANG_WARN_BOOL_CONVERSION = YES;
				CLANG_WARN_CONSTANT_CONVERSION = YES;
				CLANG_WARN_DIRECT_OBJC_ISA_USAGE = YES_ERROR;
				CLANG_WARN_EMPTY_BODY = YES;
				CLANG_WARN_ENUM_CONVERSION = YES;
				CLANG_WARN_INT_CONVERSION = YES;
				CLANG_WARN_OBJC_ROOT_CLASS = YES_ERROR;
				CLANG_WARN_UNREACHABLE_CODE = YES;
				CLANG_WARN__DUPLICATE_METHOD_MATCH = YES;
				"CODE_SIGN_IDENTITY[sdk=iphoneos*]" = "iPhone Developer";
				COPY_PHASE_STRIP = NO;
				DEBUG_INFORMATION_FORMAT = "dwarf-with-dsym";
				ENABLE_STRICT_OBJC_MSGSEND = YES;
				GCC_C_LANGUAGE_STANDARD = gnu99;
				GCC_DYNAMIC_NO_PIC = NO;
				GCC_NO_COMMON_BLOCKS = YES;
				GCC_OPTIMIZATION_LEVEL = 0;
				GCC_PREPROCESSOR_DEFINITIONS = (
					"DEBUG=1",
					"$(inherited)",
				);
				GCC_SYMBOLS_PRIVATE_EXTERN = NO;
				GCC_WARN_64_TO_32_BIT_CONVERSION = YES;
				GCC_WARN_ABOUT_RETURN_TYPE = YES_ERROR;
				GCC_WARN_UNDECLARED_SELECTOR = YES;
				GCC_WARN_UNINITIALIZED_AUTOS = YES_AGGRESSIVE;
				GCC_WARN_UNUSED_FUNCTION = YES;
				GCC_WARN_UNUSED_VARIABLE = YES;
				IPHONEOS_DEPLOYMENT_TARGET = 8.3;
				MTL_ENABLE_DEBUG_INFO = YES;
				ONLY_ACTIVE_ARCH = YES;
				SDKROOT = iphoneos;
			};
			name = Debug;
		};
		2788C2C11ADD7B1B00CC2707 /* Release */ = {
			isa = XCBuildConfiguration;
			buildSettings = {
				ALWAYS_SEARCH_USER_PATHS = NO;
				CLANG_CXX_LANGUAGE_STANDARD = "gnu++0x";
				CLANG_CXX_LIBRARY = "libc++";
				CLANG_ENABLE_MODULES = YES;
				CLANG_ENABLE_OBJC_ARC = YES;
				CLANG_WARN_BOOL_CONVERSION = YES;
				CLANG_WARN_CONSTANT_CONVERSION = YES;
				CLANG_WARN_DIRECT_OBJC_ISA_USAGE = YES_ERROR;
				CLANG_WARN_EMPTY_BODY = YES;
				CLANG_WARN_ENUM_CONVERSION = YES;
				CLANG_WARN_INT_CONVERSION = YES;
				CLANG_WARN_OBJC_ROOT_CLASS = YES_ERROR;
				CLANG_WARN_UNREACHABLE_CODE = YES;
				CLANG_WARN__DUPLICATE_METHOD_MATCH = YES;
				"CODE_SIGN_IDENTITY[sdk=iphoneos*]" = "iPhone Developer";
				COPY_PHASE_STRIP = NO;
				DEBUG_INFORMATION_FORMAT = "dwarf-with-dsym";
				ENABLE_NS_ASSERTIONS = NO;
				ENABLE_STRICT_OBJC_MSGSEND = YES;
				GCC_C_LANGUAGE_STANDARD = gnu99;
				GCC_NO_COMMON_BLOCKS = YES;
				GCC_WARN_64_TO_32_BIT_CONVERSION = YES;
				GCC_WARN_ABOUT_RETURN_TYPE = YES_ERROR;
				GCC_WARN_UNDECLARED_SELECTOR = YES;
				GCC_WARN_UNINITIALIZED_AUTOS = YES_AGGRESSIVE;
				GCC_WARN_UNUSED_FUNCTION = YES;
				GCC_WARN_UNUSED_VARIABLE = YES;
				IPHONEOS_DEPLOYMENT_TARGET = 8.3;
				MTL_ENABLE_DEBUG_INFO = NO;
				SDKROOT = iphoneos;
				VALIDATE_PRODUCT = YES;
			};
			name = Release;
		};
		2788C2C31ADD7B1B00CC2707 /* Debug */ = {
			isa = XCBuildConfiguration;
			buildSettings = {
				ASSETCATALOG_COMPILER_APPICON_NAME = AppIcon;
				INFOPLIST_FILE = "Stasys Meclazcke/Info.plist";
				LD_RUNPATH_SEARCH_PATHS = "$(inherited) @executable_path/Frameworks";
				PRODUCT_NAME = "$(TARGET_NAME)";
			};
			name = Debug;
		};
		2788C2C41ADD7B1B00CC2707 /* Release */ = {
			isa = XCBuildConfiguration;
			buildSettings = {
				ASSETCATALOG_COMPILER_APPICON_NAME = AppIcon;
				INFOPLIST_FILE = "Stasys Meclazcke/Info.plist";
				LD_RUNPATH_SEARCH_PATHS = "$(inherited) @executable_path/Frameworks";
				PRODUCT_NAME = "$(TARGET_NAME)";
			};
			name = Release;
		};
		2788C2C61ADD7B1B00CC2707 /* Debug */ = {
			isa = XCBuildConfiguration;
			buildSettings = {
				BUNDLE_LOADER = "$(TEST_HOST)";
				FRAMEWORK_SEARCH_PATHS = (
					"$(SDKROOT)/Developer/Library/Frameworks",
					"$(inherited)",
				);
				GCC_PREPROCESSOR_DEFINITIONS = (
					"DEBUG=1",
					"$(inherited)",
				);
				INFOPLIST_FILE = "Stasys MeclazckeTests/Info.plist";
				LD_RUNPATH_SEARCH_PATHS = "$(inherited) @executable_path/Frameworks @loader_path/Frameworks";
				PRODUCT_NAME = "$(TARGET_NAME)";
				TEST_HOST = "$(BUILT_PRODUCTS_DIR)/Stasys Meclazcke.app/Stasys Meclazcke";
			};
			name = Debug;
		};
		2788C2C71ADD7B1B00CC2707 /* Release */ = {
			isa = XCBuildConfiguration;
			buildSettings = {
				BUNDLE_LOADER = "$(TEST_HOST)";
				FRAMEWORK_SEARCH_PATHS = (
					"$(SDKROOT)/Developer/Library/Frameworks",
					"$(inherited)",
				);
				INFOPLIST_FILE = "Stasys MeclazckeTests/Info.plist";
				LD_RUNPATH_SEARCH_PATHS = "$(inherited) @executable_path/Frameworks @loader_path/Frameworks";
				PRODUCT_NAME = "$(TARGET_NAME)";
				TEST_HOST = "$(BUILT_PRODUCTS_DIR)/Stasys Meclazcke.app/Stasys Meclazcke";
			};
			name = Release;
		};
/* End XCBuildConfiguration section */

/* Begin XCConfigurationList section */
		2788C29A1ADD7B1A00CC2707 /* Build configuration list for PBXProject "Stasys Meclazcke" */ = {
			isa = XCConfigurationList;
			buildConfigurations = (
				2788C2C01ADD7B1B00CC2707 /* Debug */,
				2788C2C11ADD7B1B00CC2707 /* Release */,
			);
			defaultConfigurationIsVisible = 0;
			defaultConfigurationName = Release;
		};
		2788C2C21ADD7B1B00CC2707 /* Build configuration list for PBXNativeTarget "Stasys Meclazcke" */ = {
			isa = XCConfigurationList;
			buildConfigurations = (
				2788C2C31ADD7B1B00CC2707 /* Debug */,
				2788C2C41ADD7B1B00CC2707 /* Release */,
			);
			defaultConfigurationIsVisible = 0;
		};
		2788C2C51ADD7B1B00CC2707 /* Build configuration list for PBXNativeTarget "Stasys MeclazckeTests" */ = {
			isa = XCConfigurationList;
			buildConfigurations = (
				2788C2C61ADD7B1B00CC2707 /* Debug */,
				2788C2C71ADD7B1B00CC2707 /* Release */,
			);
			defaultConfigurationIsVisible = 0;
		};
/* End XCConfigurationList section */
	};
	rootObject = 2788C2971ADD7B1A00CC2707 /* Project object */;
}
